
Microsoft Visual Studio Solution File, Format Version 12.00
# Visual Studio Version 17
VisualStudioVersion = 17.2.32630.192
MinimumVisualStudioVersion = 10.0.40219.1
Project("{9A19103F-16F7-4668-BE54-9A1E7A4F7556}") = "R5T.L0090.Construction", "R5T.L0090.Construction\R5T.L0090.Construction.csproj", "{33423453-0725-4650-B4C6-0A1B1FAF876D}"
EndProject
Project("{9A19103F-16F7-4668-BE54-9A1E7A4F7556}") = "R5T.L0090", "R5T.L0090\R5T.L0090.csproj", "{40C469B7-C39B-4539-BB34-04E76A18E3B0}"
EndProject
Project("{9A19103F-16F7-4668-BE54-9A1E7A4F7556}") = "R5T.L0090.T000", "R5T.L0090.T000/R5T.L0090.T000.csproj", "{BEE13F96-7AFF-4792-8CEF-D20C8C3411E5}"
EndProject
Project("{2150E333-8FDC-42A3-9474-1A3956D46DE8}") = "_Dependencies", "_Dependencies", "{F665ECA0-6F47-4410-B8F6-B6600A97A6CC}"
EndProject
Project("{9A19103F-16F7-4668-BE54-9A1E7A4F7556}") = "R5T.F0000", "../../R5T.F0000/source/R5T.F0000/R5T.F0000.csproj", "{BAED672C-214A-46D1-88D0-365DB2C10ECE}"
EndProject
Project("{9A19103F-16F7-4668-BE54-9A1E7A4F7556}") = "R5T.F0002", "../../R5T.F0002/source/R5T.F0002/R5T.F0002.csproj", "{D2714F4E-B170-4191-AD09-2EDA27A026F3}"
EndProject
Project("{9A19103F-16F7-4668-BE54-9A1E7A4F7556}") = "R5T.F0059", "../../R5T.F0059/source/R5T.F0059/R5T.F0059.csproj", "{36E94C64-906C-4C47-9948-D061130D7374}"
EndProject
Project("{9A19103F-16F7-4668-BE54-9A1E7A4F7556}") = "R5T.F0120", "../../R5T.F0120/source/R5T.F0120/R5T.F0120.csproj", "{F312B594-673E-4C7E-A6B5-B61BA53CFB44}"
EndProject
Project("{9A19103F-16F7-4668-BE54-9A1E7A4F7556}") = "R5T.F0124", "../../R5T.F0124/source/R5T.F0124/R5T.F0124.csproj", "{AA48FDB0-76DC-46B8-9963-FCD2BD8EB80D}"
EndProject
Project("{9A19103F-16F7-4668-BE54-9A1E7A4F7556}") = "R5T.F0125", "../../R5T.F0125/source/R5T.F0125/R5T.F0125.csproj", "{D3B80916-5232-4A31-B67A-80D934C41612}"
EndProject
Project("{9A19103F-16F7-4668-BE54-9A1E7A4F7556}") = "R5T.L0030.T000", "../../R5T.L0030/source/R5T.L0030.T000/R5T.L0030.T000.csproj", "{50D90742-289C-4304-8F40-5B7B40D05D22}"
EndProject
Project("{9A19103F-16F7-4668-BE54-9A1E7A4F7556}") = "R5T.L0030", "../../R5T.L0030/source/R5T.L0030/R5T.L0030.csproj", "{73D42D47-1F6C-465E-A79C-F99AB07D90A8}"
EndProject
Project("{9A19103F-16F7-4668-BE54-9A1E7A4F7556}") = "R5T.L0034", "../../R5T.L0034/source/R5T.L0034/R5T.L0034.csproj", "{7B5FBE85-7BFC-4D27-83B3-81BC6D758DC4}"
EndProject
Project("{9A19103F-16F7-4668-BE54-9A1E7A4F7556}") = "R5T.L0035", "../../R5T.L0035/source/R5T.L0035/R5T.L0035.csproj", "{7523CB04-0312-4160-BDA1-74BEA768BA9C}"
EndProject
Project("{9A19103F-16F7-4668-BE54-9A1E7A4F7556}") = "R5T.L0053", "../../R5T.L0053/source/R5T.L0053/R5T.L0053.csproj", "{B4A811B2-6334-46CB-ABE3-D77F41782BA3}"
EndProject
Project("{9A19103F-16F7-4668-BE54-9A1E7A4F7556}") = "R5T.L0056", "../../R5T.L0056/source/R5T.L0056/R5T.L0056.csproj", "{E874A505-CDFB-4D91-9AAE-15B124337451}"
EndProject
Project("{9A19103F-16F7-4668-BE54-9A1E7A4F7556}") = "R5T.L0066", "../../R5T.L0066/source/R5T.L0066/R5T.L0066.csproj", "{E195D446-C002-4E25-8D14-644615651FC9}"
EndProject
Project("{9A19103F-16F7-4668-BE54-9A1E7A4F7556}") = "R5T.L0071", "../../R5T.L0071/source/R5T.L0071/R5T.L0071.csproj", "{E1E6B158-C634-4153-AA43-3387C51C26DE}"
EndProject
Project("{9A19103F-16F7-4668-BE54-9A1E7A4F7556}") = "R5T.L0074", "../../R5T.L0074/source/R5T.L0074/R5T.L0074.csproj", "{4D9C2A25-7772-46BB-BB01-D379F21CC774}"
EndProject
Project("{9A19103F-16F7-4668-BE54-9A1E7A4F7556}") = "R5T.L0089.F000", "../../R5T.L0089/source/R5T.L0089.F000/R5T.L0089.F000.csproj", "{CC6E4D5E-EAF2-42D5-8529-FACD1E696248}"
EndProject
Project("{9A19103F-16F7-4668-BE54-9A1E7A4F7556}") = "R5T.L0089.T000", "../../R5T.L0089/source/R5T.L0089.T000/R5T.L0089.T000.csproj", "{412F7C2D-5047-494B-9545-61A188804F34}"
EndProject
Project("{9A19103F-16F7-4668-BE54-9A1E7A4F7556}") = "R5T.L0089", "../../R5T.L0089/source/R5T.L0089/R5T.L0089.csproj", "{E17EB45E-BA14-42A0-A94E-D744833786A0}"
EndProject
Project("{9A19103F-16F7-4668-BE54-9A1E7A4F7556}") = "R5T.NG0006", "../../R5T.NG0006/source/R5T.NG0006/R5T.NG0006.csproj", "{46611B3A-E9C7-43E7-8F92-3CA78F4EDD17}"
EndProject
Project("{9A19103F-16F7-4668-BE54-9A1E7A4F7556}") = "R5T.NG0022", "../../R5T.NG0022/source/R5T.NG0022/R5T.NG0022.csproj", "{1FF599E9-0FCC-44A9-851F-0C03B96EC1CA}"
EndProject
Project("{9A19103F-16F7-4668-BE54-9A1E7A4F7556}") = "R5T.T0131", "../../R5T.T0131/source/R5T.T0131/R5T.T0131.csproj", "{7D0E3572-4F60-46FC-80C7-C10FA72BE0EF}"
EndProject
Project("{9A19103F-16F7-4668-BE54-9A1E7A4F7556}") = "R5T.T0132", "../../R5T.T0132/source/R5T.T0132/R5T.T0132.csproj", "{5C7DCC61-85C5-4E1F-85E6-F0E34B0988FF}"
EndProject
Project("{9A19103F-16F7-4668-BE54-9A1E7A4F7556}") = "R5T.T0142", "../../R5T.T0142/source/R5T.T0142/R5T.T0142.csproj", "{666C1FB4-5236-4461-A04A-8F44021E3736}"
EndProject
Project("{9A19103F-16F7-4668-BE54-9A1E7A4F7556}") = "R5T.T0143", "../../R5T.T0143/source/R5T.T0143/R5T.T0143.csproj", "{E850BF55-C76D-4761-95D1-7A70D13A1453}"
EndProject
Project("{9A19103F-16F7-4668-BE54-9A1E7A4F7556}") = "R5T.T0150", "../../R5T.T0150/source/R5T.T0150/R5T.T0150.csproj", "{4B04E525-AF9C-490A-AFDD-34E69294FAF7}"
EndProject
Project("{9A19103F-16F7-4668-BE54-9A1E7A4F7556}") = "R5T.T0151", "../../R5T.T0151/source/R5T.T0151/R5T.T0151.csproj", "{085B9869-D7E2-4053-A65B-25C94B328C89}"
EndProject
Project("{9A19103F-16F7-4668-BE54-9A1E7A4F7556}") = "R5T.T0156", "../../R5T.T0156/source/R5T.T0156/R5T.T0156.csproj", "{489DD76F-9C22-4D89-89A0-3898EB4B5437}"
EndProject
Project("{9A19103F-16F7-4668-BE54-9A1E7A4F7556}") = "R5T.T0158", "../../R5T.T0158/source/R5T.T0158/R5T.T0158.csproj", "{2DEAB870-BE0E-4B24-BCD1-F99C72A023BF}"
EndProject
Project("{9A19103F-16F7-4668-BE54-9A1E7A4F7556}") = "R5T.T0159", "../../R5T.T0159/source/R5T.T0159/R5T.T0159.csproj", "{EBEB525B-2C11-4AB7-BFB2-43F8729DE590}"
EndProject
Project("{9A19103F-16F7-4668-BE54-9A1E7A4F7556}") = "R5T.T0172", "../../R5T.T0172/source/R5T.T0172/R5T.T0172.csproj", "{C2749418-6BC9-4DB8-96A8-8A1EC2DEEF99}"
EndProject
Project("{9A19103F-16F7-4668-BE54-9A1E7A4F7556}") = "R5T.T0174", "../../R5T.T0174/source/R5T.T0174/R5T.T0174.csproj", "{A00099F7-D4BA-40DF-9EF0-72941747F5D7}"
EndProject
Project("{9A19103F-16F7-4668-BE54-9A1E7A4F7556}") = "R5T.T0176", "../../R5T.T0176/source/R5T.T0176/R5T.T0176.csproj", "{47B1BC72-3D6D-4B5E-8B2D-97F86A8F0EC8}"
EndProject
Project("{9A19103F-16F7-4668-BE54-9A1E7A4F7556}") = "R5T.T0177", "../../R5T.T0177/source/R5T.T0177/R5T.T0177.csproj", "{7E7C737C-25E0-4632-ABF4-35FC31C713C8}"
EndProject
Project("{9A19103F-16F7-4668-BE54-9A1E7A4F7556}") = "R5T.T0178", "../../R5T.T0178/source/R5T.T0178/R5T.T0178.csproj", "{5EE56E93-6A58-494B-8AAD-A26BFA3AFC9A}"
EndProject
Project("{9A19103F-16F7-4668-BE54-9A1E7A4F7556}") = "R5T.T0179", "../../R5T.T0179/source/R5T.T0179/R5T.T0179.csproj", "{2F728D4B-84F3-4ADD-BFDD-5DCC1566323C}"
EndProject
Project("{9A19103F-16F7-4668-BE54-9A1E7A4F7556}") = "R5T.T0180", "../../R5T.T0180/source/R5T.T0180/R5T.T0180.csproj", "{70F6E0D8-3728-4092-B300-E842200C5F4E}"
EndProject
Project("{9A19103F-16F7-4668-BE54-9A1E7A4F7556}") = "R5T.T0181", "../../R5T.T0181/source/R5T.T0181/R5T.T0181.csproj", "{B94B32D1-A41B-47C6-A692-D3470AD0A2D6}"
EndProject
Project("{9A19103F-16F7-4668-BE54-9A1E7A4F7556}") = "R5T.T0185", "../../R5T.T0185/source/R5T.T0185/R5T.T0185.csproj", "{5B1073C8-3350-4A77-B58A-7F617BA1BF4A}"
EndProject
Project("{9A19103F-16F7-4668-BE54-9A1E7A4F7556}") = "R5T.T0199.T000", "../../R5T.T0199/source/R5T.T0199.T000/R5T.T0199.T000.csproj", "{D10BF673-A40A-44DB-85CA-9E5D7320EE5D}"
EndProject
Project("{9A19103F-16F7-4668-BE54-9A1E7A4F7556}") = "R5T.T0199.T001", "../../R5T.T0199/source/R5T.T0199.T001/R5T.T0199.T001.csproj", "{711B8B37-9E6B-4C8F-97A1-903182F6194B}"
EndProject
Project("{9A19103F-16F7-4668-BE54-9A1E7A4F7556}") = "R5T.T0199", "../../R5T.T0199/source/R5T.T0199/R5T.T0199.csproj", "{3834BB86-6E52-41C6-8984-B8B8F5F5A4F0}"
EndProject
Project("{9A19103F-16F7-4668-BE54-9A1E7A4F7556}") = "R5T.T0203", "../../R5T.T0203/source/R5T.T0203/R5T.T0203.csproj", "{C7AD1DF9-521D-4301-9115-CF48242EED7C}"
EndProject
Project("{9A19103F-16F7-4668-BE54-9A1E7A4F7556}") = "R5T.T0213", "../../R5T.T0213/source/R5T.T0213/R5T.T0213.csproj", "{E988CE1C-724A-498E-964E-825DE988B916}"
EndProject
Project("{9A19103F-16F7-4668-BE54-9A1E7A4F7556}") = "R5T.T0218", "../../R5T.T0218/source/R5T.T0218/R5T.T0218.csproj", "{1C297CF8-3196-45BE-83E3-05052F5D44DF}"
EndProject
Project("{9A19103F-16F7-4668-BE54-9A1E7A4F7556}") = "R5T.T0219", "../../R5T.T0219/source/R5T.T0219/R5T.T0219.csproj", "{FAE6DDBB-8788-462C-86B0-9166F9CB48BA}"
EndProject
Project("{9A19103F-16F7-4668-BE54-9A1E7A4F7556}") = "R5T.T0220", "../../R5T.T0220/source/R5T.T0220/R5T.T0220.csproj", "{24E03260-4CE9-4C46-A86C-BF2142167C8B}"
EndProject
Project("{9A19103F-16F7-4668-BE54-9A1E7A4F7556}") = "R5T.T0221", "../../R5T.T0221/source/R5T.T0221/R5T.T0221.csproj", "{85FD5B77-EAD9-4B9E-A75F-1312531230F0}"
EndProject
Project("{9A19103F-16F7-4668-BE54-9A1E7A4F7556}") = "R5T.T0227", "../../R5T.T0227/source/R5T.T0227/R5T.T0227.csproj", "{9955F1FA-1186-425F-AF7D-2DC0987D0A5D}"
EndProject
Project("{9A19103F-16F7-4668-BE54-9A1E7A4F7556}") = "R5T.Y0000", "../../R5T.Y0000/source/R5T.Y0000/R5T.Y0000.csproj", "{3E554E0C-59E6-4913-8E60-639FC0AE7E64}"
EndProject
Project("{9A19103F-16F7-4668-BE54-9A1E7A4F7556}") = "R5T.Y0006", "../../R5T.Y0006/source/R5T.Y0006/R5T.Y0006.csproj", "{48D58898-7CEA-463A-9D24-66EC3A35744C}"
EndProject
Project("{9A19103F-16F7-4668-BE54-9A1E7A4F7556}") = "R5T.Z0000", "../../R5T.Z0000/source/R5T.Z0000/R5T.Z0000.csproj", "{4271EF42-A45B-45EF-A350-3A4A04219A60}"
EndProject
Project("{9A19103F-16F7-4668-BE54-9A1E7A4F7556}") = "R5T.Z0010.Platform", "../../R5T.Z0010/source/R5T.Z0010.Platform/R5T.Z0010.Platform.csproj", "{CF059916-7CF3-48F0-9E35-8CF48E41A966}"
EndProject
Project("{9A19103F-16F7-4668-BE54-9A1E7A4F7556}") = "R5T.Z0010", "../../R5T.Z0010/source/R5T.Z0010/R5T.Z0010.csproj", "{A815970E-07E5-4E80-8C4F-145677CFA20B}"
EndProject
Project("{9A19103F-16F7-4668-BE54-9A1E7A4F7556}") = "R5T.Z0057.Platform", "../../R5T.Z0057/source/R5T.Z0057.Platform/R5T.Z0057.Platform.csproj", "{872FE605-FFB4-40CF-B9CA-F0086170F476}"
EndProject
Project("{9A19103F-16F7-4668-BE54-9A1E7A4F7556}") = "R5T.Z0057", "../../R5T.Z0057/source/R5T.Z0057/R5T.Z0057.csproj", "{62066691-3EE8-4CCA-BA97-19B2AE6EC1BE}"
EndProject
Project("{9A19103F-16F7-4668-BE54-9A1E7A4F7556}") = "R5T.Z0058", "../../R5T.Z0058/source/R5T.Z0058/R5T.Z0058.csproj", "{02A9AE15-EE0D-4EAB-BE24-49B7F18D6911}"
EndProject
Global
	GlobalSection(NestedProjects) = preSolution
		{BAED672C-214A-46D1-88D0-365DB2C10ECE} = {F665ECA0-6F47-4410-B8F6-B6600A97A6CC}
		{D2714F4E-B170-4191-AD09-2EDA27A026F3} = {F665ECA0-6F47-4410-B8F6-B6600A97A6CC}
		{36E94C64-906C-4C47-9948-D061130D7374} = {F665ECA0-6F47-4410-B8F6-B6600A97A6CC}
		{F312B594-673E-4C7E-A6B5-B61BA53CFB44} = {F665ECA0-6F47-4410-B8F6-B6600A97A6CC}
		{AA48FDB0-76DC-46B8-9963-FCD2BD8EB80D} = {F665ECA0-6F47-4410-B8F6-B6600A97A6CC}
		{D3B80916-5232-4A31-B67A-80D934C41612} = {F665ECA0-6F47-4410-B8F6-B6600A97A6CC}
		{50D90742-289C-4304-8F40-5B7B40D05D22} = {F665ECA0-6F47-4410-B8F6-B6600A97A6CC}
		{73D42D47-1F6C-465E-A79C-F99AB07D90A8} = {F665ECA0-6F47-4410-B8F6-B6600A97A6CC}
		{7B5FBE85-7BFC-4D27-83B3-81BC6D758DC4} = {F665ECA0-6F47-4410-B8F6-B6600A97A6CC}
		{7523CB04-0312-4160-BDA1-74BEA768BA9C} = {F665ECA0-6F47-4410-B8F6-B6600A97A6CC}
		{B4A811B2-6334-46CB-ABE3-D77F41782BA3} = {F665ECA0-6F47-4410-B8F6-B6600A97A6CC}
		{E874A505-CDFB-4D91-9AAE-15B124337451} = {F665ECA0-6F47-4410-B8F6-B6600A97A6CC}
		{E195D446-C002-4E25-8D14-644615651FC9} = {F665ECA0-6F47-4410-B8F6-B6600A97A6CC}
		{E1E6B158-C634-4153-AA43-3387C51C26DE} = {F665ECA0-6F47-4410-B8F6-B6600A97A6CC}
		{4D9C2A25-7772-46BB-BB01-D379F21CC774} = {F665ECA0-6F47-4410-B8F6-B6600A97A6CC}
		{CC6E4D5E-EAF2-42D5-8529-FACD1E696248} = {F665ECA0-6F47-4410-B8F6-B6600A97A6CC}
		{412F7C2D-5047-494B-9545-61A188804F34} = {F665ECA0-6F47-4410-B8F6-B6600A97A6CC}
		{E17EB45E-BA14-42A0-A94E-D744833786A0} = {F665ECA0-6F47-4410-B8F6-B6600A97A6CC}
		{46611B3A-E9C7-43E7-8F92-3CA78F4EDD17} = {F665ECA0-6F47-4410-B8F6-B6600A97A6CC}
		{1FF599E9-0FCC-44A9-851F-0C03B96EC1CA} = {F665ECA0-6F47-4410-B8F6-B6600A97A6CC}
		{7D0E3572-4F60-46FC-80C7-C10FA72BE0EF} = {F665ECA0-6F47-4410-B8F6-B6600A97A6CC}
		{5C7DCC61-85C5-4E1F-85E6-F0E34B0988FF} = {F665ECA0-6F47-4410-B8F6-B6600A97A6CC}
		{666C1FB4-5236-4461-A04A-8F44021E3736} = {F665ECA0-6F47-4410-B8F6-B6600A97A6CC}
		{E850BF55-C76D-4761-95D1-7A70D13A1453} = {F665ECA0-6F47-4410-B8F6-B6600A97A6CC}
		{4B04E525-AF9C-490A-AFDD-34E69294FAF7} = {F665ECA0-6F47-4410-B8F6-B6600A97A6CC}
		{085B9869-D7E2-4053-A65B-25C94B328C89} = {F665ECA0-6F47-4410-B8F6-B6600A97A6CC}
		{489DD76F-9C22-4D89-89A0-3898EB4B5437} = {F665ECA0-6F47-4410-B8F6-B6600A97A6CC}
		{2DEAB870-BE0E-4B24-BCD1-F99C72A023BF} = {F665ECA0-6F47-4410-B8F6-B6600A97A6CC}
		{EBEB525B-2C11-4AB7-BFB2-43F8729DE590} = {F665ECA0-6F47-4410-B8F6-B6600A97A6CC}
		{C2749418-6BC9-4DB8-96A8-8A1EC2DEEF99} = {F665ECA0-6F47-4410-B8F6-B6600A97A6CC}
		{A00099F7-D4BA-40DF-9EF0-72941747F5D7} = {F665ECA0-6F47-4410-B8F6-B6600A97A6CC}
		{47B1BC72-3D6D-4B5E-8B2D-97F86A8F0EC8} = {F665ECA0-6F47-4410-B8F6-B6600A97A6CC}
		{7E7C737C-25E0-4632-ABF4-35FC31C713C8} = {F665ECA0-6F47-4410-B8F6-B6600A97A6CC}
		{5EE56E93-6A58-494B-8AAD-A26BFA3AFC9A} = {F665ECA0-6F47-4410-B8F6-B6600A97A6CC}
		{2F728D4B-84F3-4ADD-BFDD-5DCC1566323C} = {F665ECA0-6F47-4410-B8F6-B6600A97A6CC}
		{70F6E0D8-3728-4092-B300-E842200C5F4E} = {F665ECA0-6F47-4410-B8F6-B6600A97A6CC}
		{B94B32D1-A41B-47C6-A692-D3470AD0A2D6} = {F665ECA0-6F47-4410-B8F6-B6600A97A6CC}
		{5B1073C8-3350-4A77-B58A-7F617BA1BF4A} = {F665ECA0-6F47-4410-B8F6-B6600A97A6CC}
		{D10BF673-A40A-44DB-85CA-9E5D7320EE5D} = {F665ECA0-6F47-4410-B8F6-B6600A97A6CC}
		{711B8B37-9E6B-4C8F-97A1-903182F6194B} = {F665ECA0-6F47-4410-B8F6-B6600A97A6CC}
		{3834BB86-6E52-41C6-8984-B8B8F5F5A4F0} = {F665ECA0-6F47-4410-B8F6-B6600A97A6CC}
		{C7AD1DF9-521D-4301-9115-CF48242EED7C} = {F665ECA0-6F47-4410-B8F6-B6600A97A6CC}
		{E988CE1C-724A-498E-964E-825DE988B916} = {F665ECA0-6F47-4410-B8F6-B6600A97A6CC}
		{1C297CF8-3196-45BE-83E3-05052F5D44DF} = {F665ECA0-6F47-4410-B8F6-B6600A97A6CC}
		{FAE6DDBB-8788-462C-86B0-9166F9CB48BA} = {F665ECA0-6F47-4410-B8F6-B6600A97A6CC}
		{24E03260-4CE9-4C46-A86C-BF2142167C8B} = {F665ECA0-6F47-4410-B8F6-B6600A97A6CC}
		{85FD5B77-EAD9-4B9E-A75F-1312531230F0} = {F665ECA0-6F47-4410-B8F6-B6600A97A6CC}
		{9955F1FA-1186-425F-AF7D-2DC0987D0A5D} = {F665ECA0-6F47-4410-B8F6-B6600A97A6CC}
		{3E554E0C-59E6-4913-8E60-639FC0AE7E64} = {F665ECA0-6F47-4410-B8F6-B6600A97A6CC}
		{48D58898-7CEA-463A-9D24-66EC3A35744C} = {F665ECA0-6F47-4410-B8F6-B6600A97A6CC}
		{4271EF42-A45B-45EF-A350-3A4A04219A60} = {F665ECA0-6F47-4410-B8F6-B6600A97A6CC}
		{CF059916-7CF3-48F0-9E35-8CF48E41A966} = {F665ECA0-6F47-4410-B8F6-B6600A97A6CC}
		{A815970E-07E5-4E80-8C4F-145677CFA20B} = {F665ECA0-6F47-4410-B8F6-B6600A97A6CC}
		{872FE605-FFB4-40CF-B9CA-F0086170F476} = {F665ECA0-6F47-4410-B8F6-B6600A97A6CC}
		{62066691-3EE8-4CCA-BA97-19B2AE6EC1BE} = {F665ECA0-6F47-4410-B8F6-B6600A97A6CC}
		{02A9AE15-EE0D-4EAB-BE24-49B7F18D6911} = {F665ECA0-6F47-4410-B8F6-B6600A97A6CC}
	EndGlobalSection
	GlobalSection(SolutionConfigurationPlatforms) = preSolution
		Debug|Any CPU = Debug|Any CPU
		Release|Any CPU = Release|Any CPU
	EndGlobalSection
	GlobalSection(ProjectConfigurationPlatforms) = postSolution
		{33423453-0725-4650-B4C6-0A1B1FAF876D}.Debug|Any CPU.ActiveCfg = Debug|Any CPU
		{33423453-0725-4650-B4C6-0A1B1FAF876D}.Debug|Any CPU.Build.0 = Debug|Any CPU
		{33423453-0725-4650-B4C6-0A1B1FAF876D}.Release|Any CPU.ActiveCfg = Release|Any CPU
		{33423453-0725-4650-B4C6-0A1B1FAF876D}.Release|Any CPU.Build.0 = Release|Any CPU
		{40C469B7-C39B-4539-BB34-04E76A18E3B0}.Debug|Any CPU.ActiveCfg = Debug|Any CPU
		{40C469B7-C39B-4539-BB34-04E76A18E3B0}.Debug|Any CPU.Build.0 = Debug|Any CPU
		{40C469B7-C39B-4539-BB34-04E76A18E3B0}.Release|Any CPU.ActiveCfg = Release|Any CPU
		{40C469B7-C39B-4539-BB34-04E76A18E3B0}.Release|Any CPU.Build.0 = Release|Any CPU
		{BEE13F96-7AFF-4792-8CEF-D20C8C3411E5}.Debug|Any CPU.ActiveCfg = Debug|Any CPU
		{BEE13F96-7AFF-4792-8CEF-D20C8C3411E5}.Debug|Any CPU.Build.0 = Debug|Any CPU
		{BEE13F96-7AFF-4792-8CEF-D20C8C3411E5}.Release|Any CPU.ActiveCfg = Release|Any CPU
		{BEE13F96-7AFF-4792-8CEF-D20C8C3411E5}.Release|Any CPU.Build.0 = Release|Any CPU
		{BAED672C-214A-46D1-88D0-365DB2C10ECE}.Debug|Any CPU.ActiveCfg = Debug|Any CPU
		{BAED672C-214A-46D1-88D0-365DB2C10ECE}.Debug|Any CPU.Build.0 = Debug|Any CPU
		{BAED672C-214A-46D1-88D0-365DB2C10ECE}.Release|Any CPU.ActiveCfg = Release|Any CPU
		{BAED672C-214A-46D1-88D0-365DB2C10ECE}.Release|Any CPU.Build.0 = Release|Any CPU
		{D2714F4E-B170-4191-AD09-2EDA27A026F3}.Debug|Any CPU.ActiveCfg = Debug|Any CPU
		{D2714F4E-B170-4191-AD09-2EDA27A026F3}.Debug|Any CPU.Build.0 = Debug|Any CPU
		{D2714F4E-B170-4191-AD09-2EDA27A026F3}.Release|Any CPU.ActiveCfg = Release|Any CPU
		{D2714F4E-B170-4191-AD09-2EDA27A026F3}.Release|Any CPU.Build.0 = Release|Any CPU
		{36E94C64-906C-4C47-9948-D061130D7374}.Debug|Any CPU.ActiveCfg = Debug|Any CPU
		{36E94C64-906C-4C47-9948-D061130D7374}.Debug|Any CPU.Build.0 = Debug|Any CPU
		{36E94C64-906C-4C47-9948-D061130D7374}.Release|Any CPU.ActiveCfg = Release|Any CPU
		{36E94C64-906C-4C47-9948-D061130D7374}.Release|Any CPU.Build.0 = Release|Any CPU
		{F312B594-673E-4C7E-A6B5-B61BA53CFB44}.Debug|Any CPU.ActiveCfg = Debug|Any CPU
		{F312B594-673E-4C7E-A6B5-B61BA53CFB44}.Debug|Any CPU.Build.0 = Debug|Any CPU
		{F312B594-673E-4C7E-A6B5-B61BA53CFB44}.Release|Any CPU.ActiveCfg = Release|Any CPU
		{F312B594-673E-4C7E-A6B5-B61BA53CFB44}.Release|Any CPU.Build.0 = Release|Any CPU
		{AA48FDB0-76DC-46B8-9963-FCD2BD8EB80D}.Debug|Any CPU.ActiveCfg = Debug|Any CPU
		{AA48FDB0-76DC-46B8-9963-FCD2BD8EB80D}.Debug|Any CPU.Build.0 = Debug|Any CPU
		{AA48FDB0-76DC-46B8-9963-FCD2BD8EB80D}.Release|Any CPU.ActiveCfg = Release|Any CPU
		{AA48FDB0-76DC-46B8-9963-FCD2BD8EB80D}.Release|Any CPU.Build.0 = Release|Any CPU
		{D3B80916-5232-4A31-B67A-80D934C41612}.Debug|Any CPU.ActiveCfg = Debug|Any CPU
		{D3B80916-5232-4A31-B67A-80D934C41612}.Debug|Any CPU.Build.0 = Debug|Any CPU
		{D3B80916-5232-4A31-B67A-80D934C41612}.Release|Any CPU.ActiveCfg = Release|Any CPU
		{D3B80916-5232-4A31-B67A-80D934C41612}.Release|Any CPU.Build.0 = Release|Any CPU
		{50D90742-289C-4304-8F40-5B7B40D05D22}.Debug|Any CPU.ActiveCfg = Debug|Any CPU
		{50D90742-289C-4304-8F40-5B7B40D05D22}.Debug|Any CPU.Build.0 = Debug|Any CPU
		{50D90742-289C-4304-8F40-5B7B40D05D22}.Release|Any CPU.ActiveCfg = Release|Any CPU
		{50D90742-289C-4304-8F40-5B7B40D05D22}.Release|Any CPU.Build.0 = Release|Any CPU
		{73D42D47-1F6C-465E-A79C-F99AB07D90A8}.Debug|Any CPU.ActiveCfg = Debug|Any CPU
		{73D42D47-1F6C-465E-A79C-F99AB07D90A8}.Debug|Any CPU.Build.0 = Debug|Any CPU
		{73D42D47-1F6C-465E-A79C-F99AB07D90A8}.Release|Any CPU.ActiveCfg = Release|Any CPU
		{73D42D47-1F6C-465E-A79C-F99AB07D90A8}.Release|Any CPU.Build.0 = Release|Any CPU
		{7B5FBE85-7BFC-4D27-83B3-81BC6D758DC4}.Debug|Any CPU.ActiveCfg = Debug|Any CPU
		{7B5FBE85-7BFC-4D27-83B3-81BC6D758DC4}.Debug|Any CPU.Build.0 = Debug|Any CPU
		{7B5FBE85-7BFC-4D27-83B3-81BC6D758DC4}.Release|Any CPU.ActiveCfg = Release|Any CPU
		{7B5FBE85-7BFC-4D27-83B3-81BC6D758DC4}.Release|Any CPU.Build.0 = Release|Any CPU
		{7523CB04-0312-4160-BDA1-74BEA768BA9C}.Debug|Any CPU.ActiveCfg = Debug|Any CPU
		{7523CB04-0312-4160-BDA1-74BEA768BA9C}.Debug|Any CPU.Build.0 = Debug|Any CPU
		{7523CB04-0312-4160-BDA1-74BEA768BA9C}.Release|Any CPU.ActiveCfg = Release|Any CPU
		{7523CB04-0312-4160-BDA1-74BEA768BA9C}.Release|Any CPU.Build.0 = Release|Any CPU
		{B4A811B2-6334-46CB-ABE3-D77F41782BA3}.Debug|Any CPU.ActiveCfg = Debug|Any CPU
		{B4A811B2-6334-46CB-ABE3-D77F41782BA3}.Debug|Any CPU.Build.0 = Debug|Any CPU
		{B4A811B2-6334-46CB-ABE3-D77F41782BA3}.Release|Any CPU.ActiveCfg = Release|Any CPU
		{B4A811B2-6334-46CB-ABE3-D77F41782BA3}.Release|Any CPU.Build.0 = Release|Any CPU
		{E874A505-CDFB-4D91-9AAE-15B124337451}.Debug|Any CPU.ActiveCfg = Debug|Any CPU
		{E874A505-CDFB-4D91-9AAE-15B124337451}.Debug|Any CPU.Build.0 = Debug|Any CPU
		{E874A505-CDFB-4D91-9AAE-15B124337451}.Release|Any CPU.ActiveCfg = Release|Any CPU
		{E874A505-CDFB-4D91-9AAE-15B124337451}.Release|Any CPU.Build.0 = Release|Any CPU
		{E195D446-C002-4E25-8D14-644615651FC9}.Debug|Any CPU.ActiveCfg = Debug|Any CPU
		{E195D446-C002-4E25-8D14-644615651FC9}.Debug|Any CPU.Build.0 = Debug|Any CPU
		{E195D446-C002-4E25-8D14-644615651FC9}.Release|Any CPU.ActiveCfg = Release|Any CPU
		{E195D446-C002-4E25-8D14-644615651FC9}.Release|Any CPU.Build.0 = Release|Any CPU
		{E1E6B158-C634-4153-AA43-3387C51C26DE}.Debug|Any CPU.ActiveCfg = Debug|Any CPU
		{E1E6B158-C634-4153-AA43-3387C51C26DE}.Debug|Any CPU.Build.0 = Debug|Any CPU
		{E1E6B158-C634-4153-AA43-3387C51C26DE}.Release|Any CPU.ActiveCfg = Release|Any CPU
		{E1E6B158-C634-4153-AA43-3387C51C26DE}.Release|Any CPU.Build.0 = Release|Any CPU
		{4D9C2A25-7772-46BB-BB01-D379F21CC774}.Debug|Any CPU.ActiveCfg = Debug|Any CPU
		{4D9C2A25-7772-46BB-BB01-D379F21CC774}.Debug|Any CPU.Build.0 = Debug|Any CPU
		{4D9C2A25-7772-46BB-BB01-D379F21CC774}.Release|Any CPU.ActiveCfg = Release|Any CPU
		{4D9C2A25-7772-46BB-BB01-D379F21CC774}.Release|Any CPU.Build.0 = Release|Any CPU
		{CC6E4D5E-EAF2-42D5-8529-FACD1E696248}.Debug|Any CPU.ActiveCfg = Debug|Any CPU
		{CC6E4D5E-EAF2-42D5-8529-FACD1E696248}.Debug|Any CPU.Build.0 = Debug|Any CPU
		{CC6E4D5E-EAF2-42D5-8529-FACD1E696248}.Release|Any CPU.ActiveCfg = Release|Any CPU
		{CC6E4D5E-EAF2-42D5-8529-FACD1E696248}.Release|Any CPU.Build.0 = Release|Any CPU
		{412F7C2D-5047-494B-9545-61A188804F34}.Debug|Any CPU.ActiveCfg = Debug|Any CPU
		{412F7C2D-5047-494B-9545-61A188804F34}.Debug|Any CPU.Build.0 = Debug|Any CPU
		{412F7C2D-5047-494B-9545-61A188804F34}.Release|Any CPU.ActiveCfg = Release|Any CPU
		{412F7C2D-5047-494B-9545-61A188804F34}.Release|Any CPU.Build.0 = Release|Any CPU
		{E17EB45E-BA14-42A0-A94E-D744833786A0}.Debug|Any CPU.ActiveCfg = Debug|Any CPU
		{E17EB45E-BA14-42A0-A94E-D744833786A0}.Debug|Any CPU.Build.0 = Debug|Any CPU
		{E17EB45E-BA14-42A0-A94E-D744833786A0}.Release|Any CPU.ActiveCfg = Release|Any CPU
		{E17EB45E-BA14-42A0-A94E-D744833786A0}.Release|Any CPU.Build.0 = Release|Any CPU
		{46611B3A-E9C7-43E7-8F92-3CA78F4EDD17}.Debug|Any CPU.ActiveCfg = Debug|Any CPU
		{46611B3A-E9C7-43E7-8F92-3CA78F4EDD17}.Debug|Any CPU.Build.0 = Debug|Any CPU
		{46611B3A-E9C7-43E7-8F92-3CA78F4EDD17}.Release|Any CPU.ActiveCfg = Release|Any CPU
		{46611B3A-E9C7-43E7-8F92-3CA78F4EDD17}.Release|Any CPU.Build.0 = Release|Any CPU
		{1FF599E9-0FCC-44A9-851F-0C03B96EC1CA}.Debug|Any CPU.ActiveCfg = Debug|Any CPU
		{1FF599E9-0FCC-44A9-851F-0C03B96EC1CA}.Debug|Any CPU.Build.0 = Debug|Any CPU
		{1FF599E9-0FCC-44A9-851F-0C03B96EC1CA}.Release|Any CPU.ActiveCfg = Release|Any CPU
		{1FF599E9-0FCC-44A9-851F-0C03B96EC1CA}.Release|Any CPU.Build.0 = Release|Any CPU
		{7D0E3572-4F60-46FC-80C7-C10FA72BE0EF}.Debug|Any CPU.ActiveCfg = Debug|Any CPU
		{7D0E3572-4F60-46FC-80C7-C10FA72BE0EF}.Debug|Any CPU.Build.0 = Debug|Any CPU
		{7D0E3572-4F60-46FC-80C7-C10FA72BE0EF}.Release|Any CPU.ActiveCfg = Release|Any CPU
		{7D0E3572-4F60-46FC-80C7-C10FA72BE0EF}.Release|Any CPU.Build.0 = Release|Any CPU
		{5C7DCC61-85C5-4E1F-85E6-F0E34B0988FF}.Debug|Any CPU.ActiveCfg = Debug|Any CPU
		{5C7DCC61-85C5-4E1F-85E6-F0E34B0988FF}.Debug|Any CPU.Build.0 = Debug|Any CPU
		{5C7DCC61-85C5-4E1F-85E6-F0E34B0988FF}.Release|Any CPU.ActiveCfg = Release|Any CPU
		{5C7DCC61-85C5-4E1F-85E6-F0E34B0988FF}.Release|Any CPU.Build.0 = Release|Any CPU
		{666C1FB4-5236-4461-A04A-8F44021E3736}.Debug|Any CPU.ActiveCfg = Debug|Any CPU
		{666C1FB4-5236-4461-A04A-8F44021E3736}.Debug|Any CPU.Build.0 = Debug|Any CPU
		{666C1FB4-5236-4461-A04A-8F44021E3736}.Release|Any CPU.ActiveCfg = Release|Any CPU
		{666C1FB4-5236-4461-A04A-8F44021E3736}.Release|Any CPU.Build.0 = Release|Any CPU
		{E850BF55-C76D-4761-95D1-7A70D13A1453}.Debug|Any CPU.ActiveCfg = Debug|Any CPU
		{E850BF55-C76D-4761-95D1-7A70D13A1453}.Debug|Any CPU.Build.0 = Debug|Any CPU
		{E850BF55-C76D-4761-95D1-7A70D13A1453}.Release|Any CPU.ActiveCfg = Release|Any CPU
		{E850BF55-C76D-4761-95D1-7A70D13A1453}.Release|Any CPU.Build.0 = Release|Any CPU
		{4B04E525-AF9C-490A-AFDD-34E69294FAF7}.Debug|Any CPU.ActiveCfg = Debug|Any CPU
		{4B04E525-AF9C-490A-AFDD-34E69294FAF7}.Debug|Any CPU.Build.0 = Debug|Any CPU
		{4B04E525-AF9C-490A-AFDD-34E69294FAF7}.Release|Any CPU.ActiveCfg = Release|Any CPU
		{4B04E525-AF9C-490A-AFDD-34E69294FAF7}.Release|Any CPU.Build.0 = Release|Any CPU
		{085B9869-D7E2-4053-A65B-25C94B328C89}.Debug|Any CPU.ActiveCfg = Debug|Any CPU
		{085B9869-D7E2-4053-A65B-25C94B328C89}.Debug|Any CPU.Build.0 = Debug|Any CPU
		{085B9869-D7E2-4053-A65B-25C94B328C89}.Release|Any CPU.ActiveCfg = Release|Any CPU
		{085B9869-D7E2-4053-A65B-25C94B328C89}.Release|Any CPU.Build.0 = Release|Any CPU
		{489DD76F-9C22-4D89-89A0-3898EB4B5437}.Debug|Any CPU.ActiveCfg = Debug|Any CPU
		{489DD76F-9C22-4D89-89A0-3898EB4B5437}.Debug|Any CPU.Build.0 = Debug|Any CPU
		{489DD76F-9C22-4D89-89A0-3898EB4B5437}.Release|Any CPU.ActiveCfg = Release|Any CPU
		{489DD76F-9C22-4D89-89A0-3898EB4B5437}.Release|Any CPU.Build.0 = Release|Any CPU
		{2DEAB870-BE0E-4B24-BCD1-F99C72A023BF}.Debug|Any CPU.ActiveCfg = Debug|Any CPU
		{2DEAB870-BE0E-4B24-BCD1-F99C72A023BF}.Debug|Any CPU.Build.0 = Debug|Any CPU
		{2DEAB870-BE0E-4B24-BCD1-F99C72A023BF}.Release|Any CPU.ActiveCfg = Release|Any CPU
		{2DEAB870-BE0E-4B24-BCD1-F99C72A023BF}.Release|Any CPU.Build.0 = Release|Any CPU
		{EBEB525B-2C11-4AB7-BFB2-43F8729DE590}.Debug|Any CPU.ActiveCfg = Debug|Any CPU
		{EBEB525B-2C11-4AB7-BFB2-43F8729DE590}.Debug|Any CPU.Build.0 = Debug|Any CPU
		{EBEB525B-2C11-4AB7-BFB2-43F8729DE590}.Release|Any CPU.ActiveCfg = Release|Any CPU
		{EBEB525B-2C11-4AB7-BFB2-43F8729DE590}.Release|Any CPU.Build.0 = Release|Any CPU
		{C2749418-6BC9-4DB8-96A8-8A1EC2DEEF99}.Debug|Any CPU.ActiveCfg = Debug|Any CPU
		{C2749418-6BC9-4DB8-96A8-8A1EC2DEEF99}.Debug|Any CPU.Build.0 = Debug|Any CPU
		{C2749418-6BC9-4DB8-96A8-8A1EC2DEEF99}.Release|Any CPU.ActiveCfg = Release|Any CPU
		{C2749418-6BC9-4DB8-96A8-8A1EC2DEEF99}.Release|Any CPU.Build.0 = Release|Any CPU
		{A00099F7-D4BA-40DF-9EF0-72941747F5D7}.Debug|Any CPU.ActiveCfg = Debug|Any CPU
		{A00099F7-D4BA-40DF-9EF0-72941747F5D7}.Debug|Any CPU.Build.0 = Debug|Any CPU
		{A00099F7-D4BA-40DF-9EF0-72941747F5D7}.Release|Any CPU.ActiveCfg = Release|Any CPU
		{A00099F7-D4BA-40DF-9EF0-72941747F5D7}.Release|Any CPU.Build.0 = Release|Any CPU
		{47B1BC72-3D6D-4B5E-8B2D-97F86A8F0EC8}.Debug|Any CPU.ActiveCfg = Debug|Any CPU
		{47B1BC72-3D6D-4B5E-8B2D-97F86A8F0EC8}.Debug|Any CPU.Build.0 = Debug|Any CPU
		{47B1BC72-3D6D-4B5E-8B2D-97F86A8F0EC8}.Release|Any CPU.ActiveCfg = Release|Any CPU
		{47B1BC72-3D6D-4B5E-8B2D-97F86A8F0EC8}.Release|Any CPU.Build.0 = Release|Any CPU
		{7E7C737C-25E0-4632-ABF4-35FC31C713C8}.Debug|Any CPU.ActiveCfg = Debug|Any CPU
		{7E7C737C-25E0-4632-ABF4-35FC31C713C8}.Debug|Any CPU.Build.0 = Debug|Any CPU
		{7E7C737C-25E0-4632-ABF4-35FC31C713C8}.Release|Any CPU.ActiveCfg = Release|Any CPU
		{7E7C737C-25E0-4632-ABF4-35FC31C713C8}.Release|Any CPU.Build.0 = Release|Any CPU
		{5EE56E93-6A58-494B-8AAD-A26BFA3AFC9A}.Debug|Any CPU.ActiveCfg = Debug|Any CPU
		{5EE56E93-6A58-494B-8AAD-A26BFA3AFC9A}.Debug|Any CPU.Build.0 = Debug|Any CPU
		{5EE56E93-6A58-494B-8AAD-A26BFA3AFC9A}.Release|Any CPU.ActiveCfg = Release|Any CPU
		{5EE56E93-6A58-494B-8AAD-A26BFA3AFC9A}.Release|Any CPU.Build.0 = Release|Any CPU
		{2F728D4B-84F3-4ADD-BFDD-5DCC1566323C}.Debug|Any CPU.ActiveCfg = Debug|Any CPU
		{2F728D4B-84F3-4ADD-BFDD-5DCC1566323C}.Debug|Any CPU.Build.0 = Debug|Any CPU
		{2F728D4B-84F3-4ADD-BFDD-5DCC1566323C}.Release|Any CPU.ActiveCfg = Release|Any CPU
		{2F728D4B-84F3-4ADD-BFDD-5DCC1566323C}.Release|Any CPU.Build.0 = Release|Any CPU
		{70F6E0D8-3728-4092-B300-E842200C5F4E}.Debug|Any CPU.ActiveCfg = Debug|Any CPU
		{70F6E0D8-3728-4092-B300-E842200C5F4E}.Debug|Any CPU.Build.0 = Debug|Any CPU
		{70F6E0D8-3728-4092-B300-E842200C5F4E}.Release|Any CPU.ActiveCfg = Release|Any CPU
		{70F6E0D8-3728-4092-B300-E842200C5F4E}.Release|Any CPU.Build.0 = Release|Any CPU
		{B94B32D1-A41B-47C6-A692-D3470AD0A2D6}.Debug|Any CPU.ActiveCfg = Debug|Any CPU
		{B94B32D1-A41B-47C6-A692-D3470AD0A2D6}.Debug|Any CPU.Build.0 = Debug|Any CPU
		{B94B32D1-A41B-47C6-A692-D3470AD0A2D6}.Release|Any CPU.ActiveCfg = Release|Any CPU
		{B94B32D1-A41B-47C6-A692-D3470AD0A2D6}.Release|Any CPU.Build.0 = Release|Any CPU
		{5B1073C8-3350-4A77-B58A-7F617BA1BF4A}.Debug|Any CPU.ActiveCfg = Debug|Any CPU
		{5B1073C8-3350-4A77-B58A-7F617BA1BF4A}.Debug|Any CPU.Build.0 = Debug|Any CPU
		{5B1073C8-3350-4A77-B58A-7F617BA1BF4A}.Release|Any CPU.ActiveCfg = Release|Any CPU
		{5B1073C8-3350-4A77-B58A-7F617BA1BF4A}.Release|Any CPU.Build.0 = Release|Any CPU
		{D10BF673-A40A-44DB-85CA-9E5D7320EE5D}.Debug|Any CPU.ActiveCfg = Debug|Any CPU
		{D10BF673-A40A-44DB-85CA-9E5D7320EE5D}.Debug|Any CPU.Build.0 = Debug|Any CPU
		{D10BF673-A40A-44DB-85CA-9E5D7320EE5D}.Release|Any CPU.ActiveCfg = Release|Any CPU
		{D10BF673-A40A-44DB-85CA-9E5D7320EE5D}.Release|Any CPU.Build.0 = Release|Any CPU
		{711B8B37-9E6B-4C8F-97A1-903182F6194B}.Debug|Any CPU.ActiveCfg = Debug|Any CPU
		{711B8B37-9E6B-4C8F-97A1-903182F6194B}.Debug|Any CPU.Build.0 = Debug|Any CPU
		{711B8B37-9E6B-4C8F-97A1-903182F6194B}.Release|Any CPU.ActiveCfg = Release|Any CPU
		{711B8B37-9E6B-4C8F-97A1-903182F6194B}.Release|Any CPU.Build.0 = Release|Any CPU
		{3834BB86-6E52-41C6-8984-B8B8F5F5A4F0}.Debug|Any CPU.ActiveCfg = Debug|Any CPU
		{3834BB86-6E52-41C6-8984-B8B8F5F5A4F0}.Debug|Any CPU.Build.0 = Debug|Any CPU
		{3834BB86-6E52-41C6-8984-B8B8F5F5A4F0}.Release|Any CPU.ActiveCfg = Release|Any CPU
		{3834BB86-6E52-41C6-8984-B8B8F5F5A4F0}.Release|Any CPU.Build.0 = Release|Any CPU
		{C7AD1DF9-521D-4301-9115-CF48242EED7C}.Debug|Any CPU.ActiveCfg = Debug|Any CPU
		{C7AD1DF9-521D-4301-9115-CF48242EED7C}.Debug|Any CPU.Build.0 = Debug|Any CPU
		{C7AD1DF9-521D-4301-9115-CF48242EED7C}.Release|Any CPU.ActiveCfg = Release|Any CPU
		{C7AD1DF9-521D-4301-9115-CF48242EED7C}.Release|Any CPU.Build.0 = Release|Any CPU
		{E988CE1C-724A-498E-964E-825DE988B916}.Debug|Any CPU.ActiveCfg = Debug|Any CPU
		{E988CE1C-724A-498E-964E-825DE988B916}.Debug|Any CPU.Build.0 = Debug|Any CPU
		{E988CE1C-724A-498E-964E-825DE988B916}.Release|Any CPU.ActiveCfg = Release|Any CPU
		{E988CE1C-724A-498E-964E-825DE988B916}.Release|Any CPU.Build.0 = Release|Any CPU
		{1C297CF8-3196-45BE-83E3-05052F5D44DF}.Debug|Any CPU.ActiveCfg = Debug|Any CPU
		{1C297CF8-3196-45BE-83E3-05052F5D44DF}.Debug|Any CPU.Build.0 = Debug|Any CPU
		{1C297CF8-3196-45BE-83E3-05052F5D44DF}.Release|Any CPU.ActiveCfg = Release|Any CPU
		{1C297CF8-3196-45BE-83E3-05052F5D44DF}.Release|Any CPU.Build.0 = Release|Any CPU
		{FAE6DDBB-8788-462C-86B0-9166F9CB48BA}.Debug|Any CPU.ActiveCfg = Debug|Any CPU
		{FAE6DDBB-8788-462C-86B0-9166F9CB48BA}.Debug|Any CPU.Build.0 = Debug|Any CPU
		{FAE6DDBB-8788-462C-86B0-9166F9CB48BA}.Release|Any CPU.ActiveCfg = Release|Any CPU
		{FAE6DDBB-8788-462C-86B0-9166F9CB48BA}.Release|Any CPU.Build.0 = Release|Any CPU
		{24E03260-4CE9-4C46-A86C-BF2142167C8B}.Debug|Any CPU.ActiveCfg = Debug|Any CPU
		{24E03260-4CE9-4C46-A86C-BF2142167C8B}.Debug|Any CPU.Build.0 = Debug|Any CPU
		{24E03260-4CE9-4C46-A86C-BF2142167C8B}.Release|Any CPU.ActiveCfg = Release|Any CPU
		{24E03260-4CE9-4C46-A86C-BF2142167C8B}.Release|Any CPU.Build.0 = Release|Any CPU
		{85FD5B77-EAD9-4B9E-A75F-1312531230F0}.Debug|Any CPU.ActiveCfg = Debug|Any CPU
		{85FD5B77-EAD9-4B9E-A75F-1312531230F0}.Debug|Any CPU.Build.0 = Debug|Any CPU
		{85FD5B77-EAD9-4B9E-A75F-1312531230F0}.Release|Any CPU.ActiveCfg = Release|Any CPU
		{85FD5B77-EAD9-4B9E-A75F-1312531230F0}.Release|Any CPU.Build.0 = Release|Any CPU
		{9955F1FA-1186-425F-AF7D-2DC0987D0A5D}.Debug|Any CPU.ActiveCfg = Debug|Any CPU
		{9955F1FA-1186-425F-AF7D-2DC0987D0A5D}.Debug|Any CPU.Build.0 = Debug|Any CPU
		{9955F1FA-1186-425F-AF7D-2DC0987D0A5D}.Release|Any CPU.ActiveCfg = Release|Any CPU
		{9955F1FA-1186-425F-AF7D-2DC0987D0A5D}.Release|Any CPU.Build.0 = Release|Any CPU
		{3E554E0C-59E6-4913-8E60-639FC0AE7E64}.Debug|Any CPU.ActiveCfg = Debug|Any CPU
		{3E554E0C-59E6-4913-8E60-639FC0AE7E64}.Debug|Any CPU.Build.0 = Debug|Any CPU
		{3E554E0C-59E6-4913-8E60-639FC0AE7E64}.Release|Any CPU.ActiveCfg = Release|Any CPU
		{3E554E0C-59E6-4913-8E60-639FC0AE7E64}.Release|Any CPU.Build.0 = Release|Any CPU
		{48D58898-7CEA-463A-9D24-66EC3A35744C}.Debug|Any CPU.ActiveCfg = Debug|Any CPU
		{48D58898-7CEA-463A-9D24-66EC3A35744C}.Debug|Any CPU.Build.0 = Debug|Any CPU
		{48D58898-7CEA-463A-9D24-66EC3A35744C}.Release|Any CPU.ActiveCfg = Release|Any CPU
		{48D58898-7CEA-463A-9D24-66EC3A35744C}.Release|Any CPU.Build.0 = Release|Any CPU
		{4271EF42-A45B-45EF-A350-3A4A04219A60}.Debug|Any CPU.ActiveCfg = Debug|Any CPU
		{4271EF42-A45B-45EF-A350-3A4A04219A60}.Debug|Any CPU.Build.0 = Debug|Any CPU
		{4271EF42-A45B-45EF-A350-3A4A04219A60}.Release|Any CPU.ActiveCfg = Release|Any CPU
		{4271EF42-A45B-45EF-A350-3A4A04219A60}.Release|Any CPU.Build.0 = Release|Any CPU
		{CF059916-7CF3-48F0-9E35-8CF48E41A966}.Debug|Any CPU.ActiveCfg = Debug|Any CPU
		{CF059916-7CF3-48F0-9E35-8CF48E41A966}.Debug|Any CPU.Build.0 = Debug|Any CPU
		{CF059916-7CF3-48F0-9E35-8CF48E41A966}.Release|Any CPU.ActiveCfg = Release|Any CPU
		{CF059916-7CF3-48F0-9E35-8CF48E41A966}.Release|Any CPU.Build.0 = Release|Any CPU
		{A815970E-07E5-4E80-8C4F-145677CFA20B}.Debug|Any CPU.ActiveCfg = Debug|Any CPU
		{A815970E-07E5-4E80-8C4F-145677CFA20B}.Debug|Any CPU.Build.0 = Debug|Any CPU
		{A815970E-07E5-4E80-8C4F-145677CFA20B}.Release|Any CPU.ActiveCfg = Release|Any CPU
		{A815970E-07E5-4E80-8C4F-145677CFA20B}.Release|Any CPU.Build.0 = Release|Any CPU
		{872FE605-FFB4-40CF-B9CA-F0086170F476}.Debug|Any CPU.ActiveCfg = Debug|Any CPU
		{872FE605-FFB4-40CF-B9CA-F0086170F476}.Debug|Any CPU.Build.0 = Debug|Any CPU
		{872FE605-FFB4-40CF-B9CA-F0086170F476}.Release|Any CPU.ActiveCfg = Release|Any CPU
		{872FE605-FFB4-40CF-B9CA-F0086170F476}.Release|Any CPU.Build.0 = Release|Any CPU
		{62066691-3EE8-4CCA-BA97-19B2AE6EC1BE}.Debug|Any CPU.ActiveCfg = Debug|Any CPU
		{62066691-3EE8-4CCA-BA97-19B2AE6EC1BE}.Debug|Any CPU.Build.0 = Debug|Any CPU
		{62066691-3EE8-4CCA-BA97-19B2AE6EC1BE}.Release|Any CPU.ActiveCfg = Release|Any CPU
		{62066691-3EE8-4CCA-BA97-19B2AE6EC1BE}.Release|Any CPU.Build.0 = Release|Any CPU
		{02A9AE15-EE0D-4EAB-BE24-49B7F18D6911}.Debug|Any CPU.ActiveCfg = Debug|Any CPU
		{02A9AE15-EE0D-4EAB-BE24-49B7F18D6911}.Debug|Any CPU.Build.0 = Debug|Any CPU
		{02A9AE15-EE0D-4EAB-BE24-49B7F18D6911}.Release|Any CPU.ActiveCfg = Release|Any CPU
		{02A9AE15-EE0D-4EAB-BE24-49B7F18D6911}.Release|Any CPU.Build.0 = Release|Any CPU
	EndGlobalSection
	GlobalSection(SolutionProperties) = preSolution
		HideSolutionNode = FALSE
	EndGlobalSection
	GlobalSection(ExtensibilityGlobals) = postSolution
		SolutionGuid = {AFE8F915-02CF-4223-B512-B9C72AA1DEFE}
	EndGlobalSection
EndGlobal
